
Microsoft Visual Studio Solution File, Format Version 12.00
# Visual Studio Version 16
VisualStudioVersion = 16.0.30413.136
MinimumVisualStudioVersion = 10.0.40219.1
Project("{FAE04EC0-301F-11D3-BF4B-00C04F79EFBC}") = "StringSort", "StringSort\StringSort.csproj", "{3B9E3C63-0C3C-4DC5-997B-2809A7104919}"
EndProject
Project("{FAE04EC0-301F-11D3-BF4B-00C04F79EFBC}") = "StringSortTest", "StringSortTest\StringSortTest.csproj", "{1272759D-BEDE-4BD0-B601-9DB204C1555B}"
EndProject
Global
	GlobalSection(SolutionConfigurationPlatforms) = preSolution
		Debug|Any CPU = Debug|Any CPU
		Release|Any CPU = Release|Any CPU
	EndGlobalSection
	GlobalSection(ProjectConfigurationPlatforms) = postSolution
		{3B9E3C63-0C3C-4DC5-997B-2809A7104919}.Debug|Any CPU.ActiveCfg = Debug|Any CPU
		{3B9E3C63-0C3C-4DC5-997B-2809A7104919}.Debug|Any CPU.Build.0 = Debug|Any CPU
		{3B9E3C63-0C3C-4DC5-997B-2809A7104919}.Release|Any CPU.ActiveCfg = Release|Any CPU
		{3B9E3C63-0C3C-4DC5-997B-2809A7104919}.Release|Any CPU.Build.0 = Release|Any CPU
		{1272759D-BEDE-4BD0-B601-9DB204C1555B}.Debug|Any CPU.ActiveCfg = Debug|Any CPU
		{1272759D-BEDE-4BD0-B601-9DB204C1555B}.Debug|Any CPU.Build.0 = Debug|Any CPU
		{1272759D-BEDE-4BD0-B601-9DB204C1555B}.Release|Any CPU.ActiveCfg = Release|Any CPU
		{1272759D-BEDE-4BD0-B601-9DB204C1555B}.Release|Any CPU.Build.0 = Release|Any CPU
	EndGlobalSection
	GlobalSection(SolutionProperties) = preSolution
		HideSolutionNode = FALSE
	EndGlobalSection
	GlobalSection(ExtensibilityGlobals) = postSolution
		SolutionGuid = {417A16E6-A3A8-4248-8A6C-0624604A9EEE}
	EndGlobalSection
EndGlobal
